<Solution>
  <Folder Name="/src/" />
  <Folder Name="/src/API/">
    <Project Path="src/API/TaskHub.Api/TaskHub.Api.csproj" Id="b4fa2e1b-2dbc-4f42-ab1c-0b05294ee29d" />
  </Folder>
  <Folder Name="/src/Application/">
    <Project Path="src/Application/TaskHub.Application/TaskHub.Application.csproj" Id="bcd71755-b016-4765-92fb-1d93f774338b" />
  </Folder>
  <Folder Name="/src/Contracts/">
    <Project Path="src/Contracts/TaskHub.Contracts/TaskHub.Contracts.csproj" Id="8eeb6ef0-0731-4cad-bdde-54c95dfaf8ee" />
  </Folder>
  <Folder Name="/src/Domains/">
    <Project Path="src/Domains/TaskHub.Domain/TaskHub.Domain.csproj" Id="d5d218b6-1bb6-4fb5-a620-f80ff6c044f3" />
  </Folder>
  <Folder Name="/src/Infrastructure/">
    <Project Path="src/Infrastructure/TaskHub.Infrastructure/TaskHub.Infrastructure.csproj" Id="0f72a60a-0b3b-46c9-8368-bdf882e6326e" />
  </Folder>
  <Folder Name="/src/Web/">
    <Project Path="src/Web/TaskHub.Web/TaskHub.Web.csproj" Id="0b41b997-03eb-406d-ab5a-eba6fb4a09df" />
  </Folder>
  <Folder Name="/src/WPF/">
    <Project Path="src/WPF/TaskHub.WPFClient/TaskHub.WPFClient.csproj" Id="33d27e14-e389-403c-9749-9b5cb5e598ef" />
  </Folder>
  <Folder Name="/test/" />
  <Folder Name="/test/Integration/">
    <Project Path="test/Integration/TaskHub.IntegrationTests/TaskHub.IntegrationTests.csproj" Id="6623561d-a78b-4fbe-81db-6b2de96f2711" />
  </Folder>
  <Folder Name="/test/Unit/">
    <Project Path="test/Unit/TaskHub.UnitTests/TaskHub.UnitTests.csproj" Id="4c2304c7-7643-43f2-b89c-0ddd70e87575" />
  </Folder>
  <Project Path="docker-compose.dcproj">
    <Build />
  </Project>
</Solution>
